
Microsoft Visual Studio Solution File, Format Version 12.00
# Visual Studio 2012
Project("{FAE04EC0-301F-11D3-BF4B-00C04F79EFBC}") = "RevitDssPlugin", "RevitDssPlugin\RevitDssPlugin.csproj", "{5A5B274F-4036-4AC5-97F0-18E8A8A854CE}"
EndProject
Global
	GlobalSection(SolutionConfigurationPlatforms) = preSolution
		Debug|Any CPU = Debug|Any CPU
		Release|Any CPU = Release|Any CPU
	EndGlobalSection
	GlobalSection(ProjectConfigurationPlatforms) = postSolution
		{5A5B274F-4036-4AC5-97F0-18E8A8A854CE}.Debug|Any CPU.ActiveCfg = Debug|Any CPU
		{5A5B274F-4036-4AC5-97F0-18E8A8A854CE}.Debug|Any CPU.Build.0 = Debug|Any CPU
		{5A5B274F-4036-4AC5-97F0-18E8A8A854CE}.Release|Any CPU.ActiveCfg = Release|Any CPU
		{5A5B274F-4036-4AC5-97F0-18E8A8A854CE}.Release|Any CPU.Build.0 = Release|Any CPU
	EndGlobalSection
	GlobalSection(SolutionProperties) = preSolution
		HideSolutionNode = FALSE
	EndGlobalSection
EndGlobal
